Microsoft Visual Studio Solution File, Format Version 11.00
# Visual Studio 2008

Project("{AC70412E-939D-72A9-234C-DEBB1AF5867B}") = "Path", "Assembly-CSharp-firstpass.csproj", "{AD045B33-A8C8-1CB0-EBAD-9B7810A32A00}"
EndProject
Project("{AC70412E-939D-72A9-234C-DEBB1AF5867B}") = "Path", "Assembly-CSharp.csproj", "{AC47003E-FD2A-10EE-6C66-27BB1A788294}"
EndProject
Global
	GlobalSection(SolutionConfigurationPlatforms) = preSolution
		Debug|Any CPU = Debug|Any CPU
		Release|Any CPU = Release|Any CPU
	EndGlobalSection
	GlobalSection(ProjectConfigurationPlatforms) = postSolution
		{AD045B33-A8C8-1CB0-EBAD-9B7810A32A00}.Debug|Any CPU.ActiveCfg = Debug|Any CPU
		{AD045B33-A8C8-1CB0-EBAD-9B7810A32A00}.Debug|Any CPU.Build.0 = Debug|Any CPU
		{AD045B33-A8C8-1CB0-EBAD-9B7810A32A00}.Release|Any CPU.ActiveCfg = Release|Any CPU
		{AD045B33-A8C8-1CB0-EBAD-9B7810A32A00}.Release|Any CPU.Build.0 = Release|Any CPU
		{AC47003E-FD2A-10EE-6C66-27BB1A788294}.Debug|Any CPU.ActiveCfg = Debug|Any CPU
		{AC47003E-FD2A-10EE-6C66-27BB1A788294}.Debug|Any CPU.Build.0 = Debug|Any CPU
		{AC47003E-FD2A-10EE-6C66-27BB1A788294}.Release|Any CPU.ActiveCfg = Release|Any CPU
		{AC47003E-FD2A-10EE-6C66-27BB1A788294}.Release|Any CPU.Build.0 = Release|Any CPU
	EndGlobalSection
	GlobalSection(SolutionProperties) = preSolution
		HideSolutionNode = FALSE
	EndGlobalSection
	GlobalSection(MonoDevelopProperties) = preSolution
		StartupItem = Assembly-CSharp.csproj
	EndGlobalSection
EndGlobal
